version = 1
revision = 3
requires-python = ">=3.11"

[[package]]
name = "certifi"
version = "2026.1.4"
source = { registry = "https://pypi.org/simple" }
sdist = { url = "https://files.pythonhosted.org/packages/e0/2d/a891ca51311197f6ad14a7ef42e2399f36cf2f9bd44752b3dc4eab60fdc5/certifi-2026.1.4.tar.gz", hash = "sha256:ac726dd470482006e014ad384921ed6438c457018f4b3d204aea4281258b2120", size = 154268, upload-time = "2026-01-04T02:42:41.825Z" }
wheels = [
    { url = "https://files.pythonhosted.org/packages/e6/ad/3cc14f097111b4de0040c83a525973216457bbeeb63739ef1ed275c1c021/certifi-2026.1.4-py3-none-any.whl", hash = "sha256:9943707519e4add1115f44c2bc244f782c0249876bf51b6599fee1ffbedd685c", size = 152900, upload-time = "2026-01-04T02:42:40.15Z" },
]

[[package]]
name = "charset-normalizer"
version = "3.4.4"
source = { registry = "https://pypi.org/simple" }
sdist = { url = "https://files.pythonhosted.org/packages/13/69/33ddede1939fdd074bce5434295f38fae7136463422fe4fd3e0e89b98062/charset_normalizer-3.4.4.tar.gz", hash = "sha256:94537985111c35f28720e43603b8e7b43a6ecfb2ce1d3058bbe955b73404e21a", size = 129418, upload-time = "2025-10-14T04:42:32.879Z" }
wheels = [
    { url = "https://files.pythonhosted.org/packages/ed/27/c6491ff4954e58a10f69ad90aca8a1b6fe9c5d3c6f380907af3c37435b59/charset_normalizer-3.4.4-cp311-cp311-macosx_10_9_universal2.whl", hash = "sha256:6e1fcf0720908f200cd21aa4e6750a48ff6ce4afe7ff5a79a90d5ed8a08296f8", size = 206988, upload-time = "2025-10-14T04:40:33.79Z" },
    { url = "https://files.pythonhosted.org/packages/94/59/2e87300fe67ab820b5428580a53cad894272dbb97f38a7a814a2a1ac1011/charset_normalizer-3.4.4-cp311-cp311-manylinux2014_aarch64.manylinux_2_17_aarch64.manylinux_2_28_aarch64.whl", hash = "sha256:5f819d5fe9234f9f82d75bdfa9aef3a3d72c4d24a6e57aeaebba32a704553aa0", size = 147324, upload-time = "2025-10-14T04:40:34.961Z" },
    { url = "https://files.pythonhosted.org/packages/07/fb/0cf61dc84b2b088391830f6274cb57c82e4da8bbc2efeac8c025edb88772/charset_normalizer-3.4.4-cp311-cp311-manylinux2014_armv7l.manylinux_2_17_armv7l.manylinux_2_31_armv7l.whl", hash = "sha256:a59cb51917aa591b1c4e6a43c132f0cdc3c76dbad6155df4e28ee626cc77a0a3", size = 142742, upload-time = "2025-10-14T04:40:36.105Z" },
    { url = "https://files.pythonhosted.org/packages/62/8b/171935adf2312cd745d290ed93cf16cf0dfe320863ab7cbeeae1dcd6535f/charset_normalizer-3.4.4-cp311-cp311-manylinux2014_ppc64le.manylinux_2_17_ppc64le.manylinux_2_28_ppc64le.whl", hash = "sha256:8ef3c867360f88ac904fd3f5e1f902f13307af9052646963ee08ff4f131adafc", size = 160863, upload-time = "2025-10-14T04:40:37.188Z" },
    { url = "https://files.pythonhosted.org/packages/09/73/ad875b192bda14f2173bfc1bc9a55e009808484a4b256748d931b6948442/charset_normalizer-3.4.4-cp311-cp311-manylinux2014_s390x.manylinux_2_17_s390x.manylinux_2_28_s390x.whl", hash = "sha256:d9e45d7faa48ee908174d8fe84854479ef838fc6a705c9315372eacbc2f02897", size = 157837, upload-time = "2025-10-14T04:40:38.435Z" },
    { url = "https://files.pythonhosted.org/packages/6d/fc/de9cce525b2c5b94b47c70a4b4fb19f871b24995c728e957ee68ab1671ea/charset_normalizer-3.4.4-cp311-cp311-manylinux2014_x86_64.manylinux_2_17_x86_64.manylinux_2_28_x86_64.whl", hash = "sha256:840c25fb618a231545cbab0564a799f101b63b9901f2569faecd6b222ac72381", size = 151550, upload-time = "2025-10-14T04:40:40.053Z" },
    { url = "https://files.pythonhosted.org/packages/55/c2/43edd615fdfba8c6f2dfbd459b25a6b3b551f24ea21981e23fb768503ce1/charset_normalizer-3.4.4-cp311-cp311-manylinux_2_31_riscv64.manylinux_2_39_riscv64.whl", hash = "sha256:ca5862d5b3928c4940729dacc329aa9102900382fea192fc5e52eb69d6093815", size = 149162, upload-time = "2025-10-14T04:40:41.163Z" },
    { url = "https://files.pythonhosted.org/packages/03/86/bde4ad8b4d0e9429a4e82c1e8f5c659993a9a863ad62c7df05cf7b678d75/charset_normalizer-3.4.4-cp311-cp311-musllinux_1_2_aarch64.whl", hash = "sha256:d9c7f57c3d666a53421049053eaacdd14bbd0a528e2186fcb2e672effd053bb0", size = 150019, upload-time = "2025-10-14T04:40:42.276Z" },
    { url = "https://files.pythonhosted.org/packages/1f/86/a151eb2af293a7e7bac3a739b81072585ce36ccfb4493039f49f1d3cae8c/charset_normalizer-3.4.4-cp311-cp311-musllinux_1_2_armv7l.whl", hash = "sha256:277e970e750505ed74c832b4bf75dac7476262ee2a013f5574dd49075879e161", size = 143310, upload-time = "2025-10-14T04:40:43.439Z" },
    { url = "https://files.pythonhosted.org/packages/b5/fe/43dae6144a7e07b87478fdfc4dbe9efd5defb0e7ec29f5f58a55aeef7bf7/charset_normalizer-3.4.4-cp311-cp311-musllinux_1_2_ppc64le.whl", hash = "sha256:31fd66405eaf47bb62e8cd575dc621c56c668f27d46a61d975a249930dd5e2a4", size = 162022, upload-time = "2025-10-14T04:40:44.547Z" },
    { url = "https://files.pythonhosted.org/packages/80/e6/7aab83774f5d2bca81f42ac58d04caf44f0cc2b65fc6db2b3b2e8a05f3b3/charset_normalizer-3.4.4-cp311-cp311-musllinux_1_2_riscv64.whl", hash = "sha256:0d3d8f15c07f86e9ff82319b3d9ef6f4bf907608f53fe9d92b28ea9ae3d1fd89", size = 149383, upload-time = "2025-10-14T04:40:46.018Z" },
    { url = "https://files.pythonhosted.org/packages/4f/e8/b289173b4edae05c0dde07f69f8db476a0b511eac556dfe0d6bda3c43384/charset_normalizer-3.4.4-cp311-cp311-musllinux_1_2_s390x.whl", hash = "sha256:9f7fcd74d410a36883701fafa2482a6af2ff5ba96b9a620e9e0721e28ead5569", size = 159098, upload-time = "2025-10-14T04:40:47.081Z" },
    { url = "https://files.pythonhosted.org/packages/d8/df/fe699727754cae3f8478493c7f45f777b17c3ef0600e28abfec8619eb49c/charset_normalizer-3.4.4-cp311-cp311-musllinux_1_2_x86_64.whl", hash = "sha256:ebf3e58c7ec8a8bed6d66a75d7fb37b55e5015b03ceae72a8e7c74495551e224", size = 152991, upload-time = "2025-10-14T04:40:48.246Z" },
    { url = "https://files.pythonhosted.org/packages/1a/86/584869fe4ddb6ffa3bd9f491b87a01568797fb9bd8933f557dba9771beaf/charset_normalizer-3.4.4-cp311-cp311-win32.whl", hash = "sha256:eecbc200c7fd5ddb9a7f16c7decb07b566c29fa2161a16cf67b8d068bd21690a", size = 99456, upload-time = "2025-10-14T04:40:49.376Z" },
    { url = "https://files.pythonhosted.org/packages/65/f6/62fdd5feb60530f50f7e38b4f6a1d5203f4d16ff4f9f0952962c044e919a/charset_normalizer-3.4.4-cp311-cp311-win_amd64.whl", hash = "sha256:5ae497466c7901d54b639cf42d5b8c1b6a4fead55215500d2f486d34db48d016", size = 106978, upload-time = "2025-10-14T04:40:50.844Z" },
    { url = "https://files.pythonhosted.org/packages/7a/9d/0710916e6c82948b3be62d9d398cb4fcf4e97b56d6a6aeccd66c4b2f2bd5/charset_normalizer-3.4.4-cp311-cp311-win_arm64.whl", hash = "sha256:65e2befcd84bc6f37095f5961e68a6f077bf44946771354a28ad434c2cce0ae1", size = 99969, upload-time = "2025-10-14T04:40:52.272Z" },
    { url = "https://files.pythonhosted.org/packages/f3/85/1637cd4af66fa687396e757dec650f28025f2a2f5a5531a3208dc0ec43f2/charset_normalizer-3.4.4-cp312-cp312-macosx_10_13_universal2.whl", hash = "sha256:0a98e6759f854bd25a58a73fa88833fba3b7c491169f86ce1180c948ab3fd394", size = 208425, upload-time = "2025-10-14T04:40:53.353Z" },
    { url = "https://files.pythonhosted.org/packages/9d/6a/04130023fef2a0d9c62d0bae2649b69f7b7d8d24ea5536feef50551029df/charset_normalizer-3.4.4-cp312-cp312-manylinux2014_aarch64.manylinux_2_17_aarch64.manylinux_2_28_aarch64.whl", hash = "sha256:b5b290ccc2a263e8d185130284f8501e3e36c5e02750fc6b6bdeb2e9e96f1e25", size = 148162, upload-time = "2025-10-14T04:40:54.558Z" },
    { url = "https://files.pythonhosted.org/packages/78/29/62328d79aa60da22c9e0b9a66539feae06ca0f5a4171ac4f7dc285b83688/charset_normalizer-3.4.4-cp312-cp312-manylinux2014_armv7l.manylinux_2_17_armv7l.manylinux_2_31_armv7l.whl", hash = "sha256:74bb723680f9f7a6234dcf67aea57e708ec1fbdf5699fb91dfd6f511b0a320ef", size = 144558, upload-time = "2025-10-14T04:40:55.677Z" },
    { url = "https://files.pythonhosted.org/packages/86/bb/b32194a4bf15b88403537c2e120b817c61cd4ecffa9b6876e941c3ee38fe/charset_normalizer-3.4.4-cp312-cp312-manylinux2014_ppc64le.manylinux_2_17_ppc64le.manylinux_2_28_ppc64le.whl", hash = "sha256:f1e34719c6ed0b92f418c7c780480b26b5d9c50349e9a9af7d76bf757530350d", size = 161497, upload-time = "2025-10-14T04:40:57.217Z" },
    { url = "https://files.pythonhosted.org/packages/19/89/a54c82b253d5b9b111dc74aca196ba5ccfcca8242d0fb64146d4d3183ff1/charset_normalizer-3.4.4-cp312-cp312-manylinux2014_s390x.manylinux_2_17_s390x.manylinux_2_28_s390x.whl", hash = "sha256:2437418e20515acec67d86e12bf70056a33abdacb5cb1655042f6538d6b085a8", size = 159240, upload-time = "2025-10-14T04:40:58.358Z" },
    { url = "https://files.pythonhosted.org/packages/c0/10/d20b513afe03acc89ec33948320a5544d31f21b05368436d580dec4e234d/charset_normalizer-3.4.4-cp312-cp312-manylinux2014_x86_64.manylinux_2_17_x86_64.manylinux_2_28_x86_64.whl", hash = "sha256:11d694519d7f29d6cd09f6ac70028dba10f92f6cdd059096db198c283794ac86", size = 153471, upload-time = "2025-10-14T04:40:59.468Z" },
    { url = "https://files.pythonhosted.org/packages/61/fa/fbf177b55bdd727010f9c0a3c49eefa1d10f960e5f09d1d887bf93c2e698/charset_normalizer-3.4.4-cp312-cp312-manylinux_2_31_riscv64.manylinux_2_39_riscv64.whl", hash = "sha256:ac1c4a689edcc530fc9d9aa11f5774b9e2f33f9a0c6a57864e90908f5208d30a", size = 150864, upload-time = "2025-10-14T04:41:00.623Z" },
    { url = "https://files.pythonhosted.org/packages/05/12/9fbc6a4d39c0198adeebbde20b619790e9236557ca59fc40e0e3cebe6f40/charset_normalizer-3.4.4-cp312-cp312-musllinux_1_2_aarch64.whl", hash = "sha256:21d142cc6c0ec30d2efee5068ca36c128a30b0f2c53c1c07bd78cb6bc1d3be5f", size = 150647, upload-time = "2025-10-14T04:41:01.754Z" },
    { url = "https://files.pythonhosted.org/packages/ad/1f/6a9a593d52e3e8c5d2b167daf8c6b968808efb57ef4c210acb907c365bc4/charset_normalizer-3.4.4-cp312-cp312-musllinux_1_2_armv7l.whl", hash = "sha256:5dbe56a36425d26d6cfb40ce79c314a2e4dd6211d51d6d2191c00bed34f354cc", size = 145110, upload-time = "2025-10-14T04:41:03.231Z" },
    { url = "https://files.pythonhosted.org/packages/30/42/9a52c609e72471b0fc54386dc63c3781a387bb4fe61c20231a4ebcd58bdd/charset_normalizer-3.4.4-cp312-cp312-musllinux_1_2_ppc64le.whl", hash = "sha256:5bfbb1b9acf3334612667b61bd3002196fe2a1eb4dd74d247e0f2a4d50ec9bbf", size = 162839, upload-time = "2025-10-14T04:41:04.715Z" },
    { url = "https://files.pythonhosted.org/packages/c4/5b/c0682bbf9f11597073052628ddd38344a3d673fda35a36773f7d19344b23/charset_normalizer-3.4.4-cp312-cp312-musllinux_1_2_riscv64.whl", hash = "sha256:d055ec1e26e441f6187acf818b73564e6e6282709e9bcb5b63f5b23068356a15", size = 150667, upload-time = "2025-10-14T04:41:05.827Z" },
    { url = "https://files.pythonhosted.org/packages/e4/24/a41afeab6f990cf2daf6cb8c67419b63b48cf518e4f56022230840c9bfb2/charset_normalizer-3.4.4-cp312-cp312-musllinux_1_2_s390x.whl", hash = "sha256:af2d8c67d8e573d6de5bc30cdb27e9b95e49115cd9baad5ddbd1a6207aaa82a9", size = 160535, upload-time = "2025-10-14T04:41:06.938Z" },
    { url = "https://files.pythonhosted.org/packages/2a/e5/6a4ce77ed243c4a50a1fecca6aaaab419628c818a49434be428fe24c9957/charset_normalizer-3.4.4-cp312-cp312-musllinux_1_2_x86_64.whl", hash = "sha256:780236ac706e66881f3b7f2f32dfe90507a09e67d1d454c762cf642e6e1586e0", size = 154816, upload-time = "2025-10-14T04:41:08.101Z" },
    { url = "https://files.pythonhosted.org/packages/a8/ef/89297262b8092b312d29cdb2517cb1237e51db8ecef2e9af5edbe7b683b1/charset_normalizer-3.4.4-cp312-cp312-win32.whl", hash = "sha256:5833d2c39d8896e4e19b689ffc198f08ea58116bee26dea51e362ecc7cd3ed26", size = 99694, upload-time = "2025-10-14T04:41:09.23Z" },
    { url = "https://files.pythonhosted.org/packages/3d/2d/1e5ed9dd3b3803994c155cd9aacb60c82c331bad84daf75bcb9c91b3295e/charset_normalizer-3.4.4-cp312-cp312-win_amd64.whl", hash = "sha256:a79cfe37875f822425b89a82333404539ae63dbdddf97f84dcbc3d339aae9525", size = 107131, upload-time = "2025-10-14T04:41:10.467Z" },
    { url = "https://files.pythonhosted.org/packages/d0/d9/0ed4c7098a861482a7b6a95603edce4c0d9db2311af23da1fb2b75ec26fc/charset_normalizer-3.4.4-cp312-cp312-win_arm64.whl", hash = "sha256:376bec83a63b8021bb5c8ea75e21c4ccb86e7e45ca4eb81146091b56599b80c3", size = 100390, upload-time = "2025-10-14T04:41:11.915Z" },
    { url = "https://files.pythonhosted.org/packages/97/45/4b3a1239bbacd321068ea6e7ac28875b03ab8bc0aa0966452db17cd36714/charset_normalizer-3.4.4-cp313-cp313-macosx_10_13_universal2.whl", hash = "sha256:e1f185f86a6f3403aa2420e815904c67b2f9ebc443f045edd0de921108345794", size = 208091, upload-time = "2025-10-14T04:41:13.346Z" },
    { url = "https://files.pythonhosted.org/packages/7d/62/73a6d7450829655a35bb88a88fca7d736f9882a27eacdca2c6d505b57e2e/charset_normalizer-3.4.4-cp313-cp313-manylinux2014_aarch64.manylinux_2_17_aarch64.manylinux_2_28_aarch64.whl", hash = "sha256:6b39f987ae8ccdf0d2642338faf2abb1862340facc796048b604ef14919e55ed", size = 147936, upload-time = "2025-10-14T04:41:14.461Z" },
    { url = "https://files.pythonhosted.org/packages/89/c5/adb8c8b3d6625bef6d88b251bbb0d95f8205831b987631ab0c8bb5d937c2/charset_normalizer-3.4.4-cp313-cp313-manylinux2014_armv7l.manylinux_2_17_armv7l.manylinux_2_31_armv7l.whl", hash = "sha256:3162d5d8ce1bb98dd51af660f2121c55d0fa541b46dff7bb9b9f86ea1d87de72", size = 144180, upload-time = "2025-10-14T04:41:15.588Z" },
    { url = "https://files.pythonhosted.org/packages/91/ed/9706e4070682d1cc219050b6048bfd293ccf67b3d4f5a4f39207453d4b99/charset_normalizer-3.4.4-cp313-cp313-manylinux2014_ppc64le.manylinux_2_17_ppc64le.manylinux_2_28_ppc64le.whl", hash = "sha256:81d5eb2a312700f4ecaa977a8235b634ce853200e828fbadf3a9c50bab278328", size = 161346, upload-time = "2025-10-14T04:41:16.738Z" },
    { url = "https://files.pythonhosted.org/packages/d5/0d/031f0d95e4972901a2f6f09ef055751805ff541511dc1252ba3ca1f80cf5/charset_normalizer-3.4.4-cp313-cp313-manylinux2014_s390x.manylinux_2_17_s390x.manylinux_2_28_s390x.whl", hash = "sha256:5bd2293095d766545ec1a8f612559f6b40abc0eb18bb2f5d1171872d34036ede", size = 158874, upload-time = "2025-10-14T04:41:17.923Z" },
    { url = "https://files.pythonhosted.org/packages/f5/83/6ab5883f57c9c801ce5e5677242328aa45592be8a00644310a008d04f922/charset_normalizer-3.4.4-cp313-cp313-manylinux2014_x86_64.manylinux_2_17_x86_64.manylinux_2_28_x86_64.whl", hash = "sha256:a8a8b89589086a25749f471e6a900d3f662d1d3b6e2e59dcecf787b1cc3a1894", size = 153076, upload-time = "2025-10-14T04:41:19.106Z" },
    { url = "https://files.pythonhosted.org/packages/75/1e/5ff781ddf5260e387d6419959ee89ef13878229732732ee73cdae01800f2/charset_normalizer-3.4.4-cp313-cp313-manylinux_2_31_riscv64.manylinux_2_39_riscv64.whl", hash = "sha256:bc7637e2f80d8530ee4a78e878bce464f70087ce73cf7c1caf142416923b98f1", size = 150601, upload-time = "2025-10-14T04:41:20.245Z" },
    { url = "https://files.pythonhosted.org/packages/d7/57/71be810965493d3510a6ca79b90c19e48696fb1ff964da319334b12677f0/charset_normalizer-3.4.4-cp313-cp313-musllinux_1_2_aarch64.whl", hash = "sha256:f8bf04158c6b607d747e93949aa60618b61312fe647a6369f88ce2ff16043490", size = 150376, upload-time = "2025-10-14T04:41:21.398Z" },
    { url = "https://files.pythonhosted.org/packages/e5/d5/c3d057a78c181d007014feb7e9f2e65905a6c4ef182c0ddf0de2924edd65/charset_normalizer-3.4.4-cp313-cp313-musllinux_1_2_armv7l.whl", hash = "sha256:554af85e960429cf30784dd47447d5125aaa3b99a6f0683589dbd27e2f45da44", size = 144825, upload-time = "2025-10-14T04:41:22.583Z" },
    { url = "https://files.pythonhosted.org/packages/e6/8c/d0406294828d4976f275ffbe66f00266c4b3136b7506941d87c00cab5272/charset_normalizer-3.4.4-cp313-cp313-musllinux_1_2_ppc64le.whl", hash = "sha256:74018750915ee7ad843a774364e13a3db91682f26142baddf775342c3f5b1133", size = 162583, upload-time = "2025-10-14T04:41:23.754Z" },
    { url = "https://files.pythonhosted.org/packages/d7/24/e2aa1f18c8f15c4c0e932d9287b8609dd30ad56dbe41d926bd846e22fb8d/charset_normalizer-3.4.4-cp313-cp313-musllinux_1_2_riscv64.whl", hash = "sha256:c0463276121fdee9c49b98908b3a89c39be45d86d1dbaa22957e38f6321d4ce3", size = 150366, upload-time = "2025-10-14T04:41:25.27Z" },
    { url = "https://files.pythonhosted.org/packages/e4/5b/1e6160c7739aad1e2df054300cc618b06bf784a7a164b0f238360721ab86/charset_normalizer-3.4.4-cp313-cp313-musllinux_1_2_s390x.whl", hash = "sha256:362d61fd13843997c1c446760ef36f240cf81d3ebf74ac62652aebaf7838561e", size = 160300, upload-time = "2025-10-14T04:41:26.725Z" },
    { url = "https://files.pythonhosted.org/packages/7a/10/f882167cd207fbdd743e55534d5d9620e095089d176d55cb22d5322f2afd/charset_normalizer-3.4.4-cp313-cp313-musllinux_1_2_x86_64.whl", hash = "sha256:9a26f18905b8dd5d685d6d07b0cdf98a79f3c7a918906af7cc143ea2e164c8bc", size = 154465, upload-time = "2025-10-14T04:41:28.322Z" },
    { url = "https://files.pythonhosted.org/packages/89/66/c7a9e1b7429be72123441bfdbaf2bc13faab3f90b933f664db506dea5915/charset_normalizer-3.4.4-cp313-cp313-win32.whl", hash = "sha256:9b35f4c90079ff2e2edc5b26c0c77925e5d2d255c42c74fdb70fb49b172726ac", size = 99404, upload-time = "2025-10-14T04:41:29.95Z" },
    { url = "https://files.pythonhosted.org/packages/c4/26/b9924fa27db384bdcd97ab83b4f0a8058d96ad9626ead570674d5e737d90/charset_normalizer-3.4.4-cp313-cp313-win_amd64.whl", hash = "sha256:b435cba5f4f750aa6c0a0d92c541fb79f69a387c91e61f1795227e4ed9cece14", size = 107092, upload-time = "2025-10-14T04:41:31.188Z" },
    { url = "https://files.pythonhosted.org/packages/af/8f/3ed4bfa0c0c72a7ca17f0380cd9e4dd842b09f664e780c13cff1dcf2ef1b/charset_normalizer-3.4.4-cp313-cp313-win_arm64.whl", hash = "sha256:542d2cee80be6f80247095cc36c418f7bddd14f4a6de45af91dfad36d817bba2", size = 100408, upload-time = "2025-10-14T04:41:32.624Z" },
    { url = "https://files.pythonhosted.org/packages/2a/35/7051599bd493e62411d6ede36fd5af83a38f37c4767b92884df7301db25d/charset_normalizer-3.4.4-cp314-cp314-macosx_10_13_universal2.whl", hash = "sha256:da3326d9e65ef63a817ecbcc0df6e94463713b754fe293eaa03da99befb9a5bd", size = 207746, upload-time = "2025-10-14T04:41:33.773Z" },
    { url = "https://files.pythonhosted.org/packages/10/9a/97c8d48ef10d6cd4fcead2415523221624bf58bcf68a802721a6bc807c8f/charset_normalizer-3.4.4-cp314-cp314-manylinux2014_aarch64.manylinux_2_17_aarch64.manylinux_2_28_aarch64.whl", hash = "sha256:8af65f14dc14a79b924524b1e7fffe304517b2bff5a58bf64f30b98bbc5079eb", size = 147889, upload-time = "2025-10-14T04:41:34.897Z" },
    { url = "https://files.pythonhosted.org/packages/10/bf/979224a919a1b606c82bd2c5fa49b5c6d5727aa47b4312bb27b1734f53cd/charset_normalizer-3.4.4-cp314-cp314-manylinux2014_armv7l.manylinux_2_17_armv7l.manylinux_2_31_armv7l.whl", hash = "sha256:74664978bb272435107de04e36db5a9735e78232b85b77d45cfb38f758efd33e", size = 143641, upload-time = "2025-10-14T04:41:36.116Z" },
    { url = "https://files.pythonhosted.org/packages/ba/33/0ad65587441fc730dc7bd90e9716b30b4702dc7b617e6ba4997dc8651495/charset_normalizer-3.4.4-cp314-cp314-manylinux2014_ppc64le.manylinux_2_17_ppc64le.manylinux_2_28_ppc64le.whl", hash = "sha256:752944c7ffbfdd10c074dc58ec2d5a8a4cd9493b314d367c14d24c17684ddd14", size = 160779, upload-time = "2025-10-14T04:41:37.229Z" },
    { url = "https://files.pythonhosted.org/packages/67/ed/331d6b249259ee71ddea93f6f2f0a56cfebd46938bde6fcc6f7b9a3d0e09/charset_normalizer-3.4.4-cp314-cp314-manylinux2014_s390x.manylinux_2_17_s390x.manylinux_2_28_s390x.whl", hash = "sha256:d1f13550535ad8cff21b8d757a3257963e951d96e20ec82ab44bc64aeb62a191", size = 159035, upload-time = "2025-10-14T04:41:38.368Z" },
    { url = "https://files.pythonhosted.org/packages/67/ff/f6b948ca32e4f2a4576aa129d8bed61f2e0543bf9f5f2b7fc3758ed005c9/charset_normalizer-3.4.4-cp314-cp314-manylinux2014_x86_64.manylinux_2_17_x86_64.manylinux_2_28_x86_64.whl", hash = "sha256:ecaae4149d99b1c9e7b88bb03e3221956f68fd6d50be2ef061b2381b61d20838", size = 152542, upload-time = "2025-10-14T04:41:39.862Z" },
    { url = "https://files.pythonhosted.org/packages/16/85/276033dcbcc369eb176594de22728541a925b2632f9716428c851b149e83/charset_normalizer-3.4.4-cp314-cp314-manylinux_2_31_riscv64.manylinux_2_39_riscv64.whl", hash = "sha256:cb6254dc36b47a990e59e1068afacdcd02958bdcce30bb50cc1700a8b9d624a6", size = 149524, upload-time = "2025-10-14T04:41:41.319Z" },
    { url = "https://files.pythonhosted.org/packages/9e/f2/6a2a1f722b6aba37050e626530a46a68f74e63683947a8acff92569f979a/charset_normalizer-3.4.4-cp314-cp314-musllinux_1_2_aarch64.whl", hash = "sha256:c8ae8a0f02f57a6e61203a31428fa1d677cbe50c93622b4149d5c0f319c1d19e", size = 150395, upload-time = "2025-10-14T04:41:42.539Z" },
    { url = "https://files.pythonhosted.org/packages/60/bb/2186cb2f2bbaea6338cad15ce23a67f9b0672929744381e28b0592676824/charset_normalizer-3.4.4-cp314-cp314-musllinux_1_2_armv7l.whl", hash = "sha256:47cc91b2f4dd2833fddaedd2893006b0106129d4b94fdb6af1f4ce5a9965577c", size = 143680, upload-time = "2025-10-14T04:41:43.661Z" },
    { url = "https://files.pythonhosted.org/packages/7d/a5/bf6f13b772fbb2a90360eb620d52ed8f796f3c5caee8398c3b2eb7b1c60d/charset_normalizer-3.4.4-cp314-cp314-musllinux_1_2_ppc64le.whl", hash = "sha256:82004af6c302b5d3ab2cfc4cc5f29db16123b1a8417f2e25f9066f91d4411090", size = 162045, upload-time = "2025-10-14T04:41:44.821Z" },
    { url = "https://files.pythonhosted.org/packages/df/c5/d1be898bf0dc3ef9030c3825e5d3b83f2c528d207d246cbabe245966808d/charset_normalizer-3.4.4-cp314-cp314-musllinux_1_2_riscv64.whl", hash = "sha256:2b7d8f6c26245217bd2ad053761201e9f9680f8ce52f0fcd8d0755aeae5b2152", size = 149687, upload-time = "2025-10-14T04:41:46.442Z" },
    { url = "https://files.pythonhosted.org/packages/a5/42/90c1f7b9341eef50c8a1cb3f098ac43b0508413f33affd762855f67a410e/charset_normalizer-3.4.4-cp314-cp314-musllinux_1_2_s390x.whl", hash = "sha256:799a7a5e4fb2d5898c60b640fd4981d6a25f1c11790935a44ce38c54e985f828", size = 160014, upload-time = "2025-10-14T04:41:47.631Z" },
    { url = "https://files.pythonhosted.org/packages/76/be/4d3ee471e8145d12795ab655ece37baed0929462a86e72372fd25859047c/charset_normalizer-3.4.4-cp314-cp314-musllinux_1_2_x86_64.whl", hash = "sha256:99ae2cffebb06e6c22bdc25801d7b30f503cc87dbd283479e7b606f70aff57ec", size = 154044, upload-time = "2025-10-14T04:41:48.81Z" },
    { url = "https://files.pythonhosted.org/packages/b0/6f/8f7af07237c34a1defe7defc565a9bc1807762f672c0fde711a4b22bf9c0/charset_normalizer-3.4.4-cp314-cp314-win32.whl", hash = "sha256:f9d332f8c2a2fcbffe1378594431458ddbef721c1769d78e2cbc06280d8155f9", size = 99940, upload-time = "2025-10-14T04:41:49.946Z" },
    { url = "https://files.pythonhosted.org/packages/4b/51/8ade005e5ca5b0d80fb4aff72a3775b325bdc3d27408c8113811a7cbe640/charset_normalizer-3.4.4-cp314-cp314-win_amd64.whl", hash = "sha256:8a6562c3700cce886c5be75ade4a5db4214fda19fede41d9792d100288d8f94c", size = 107104, upload-time = "2025-10-14T04:41:51.051Z" },
    { url = "https://files.pythonhosted.org/packages/da/5f/6b8f83a55bb8278772c5ae54a577f3099025f9ade59d0136ac24a0df4bde/charset_normalizer-3.4.4-cp314-cp314-win_arm64.whl", hash = "sha256:de00632ca48df9daf77a2c65a484531649261ec9f25489917f09e455cb09ddb2", size = 100743, upload-time = "2025-10-14T04:41:52.122Z" },
    { url = "https://files.pythonhosted.org/packages/0a/4c/925909008ed5a988ccbb72dcc897407e5d6d3bd72410d69e051fc0c14647/charset_normalizer-3.4.4-py3-none-any.whl", hash = "sha256:7a32c560861a02ff789ad905a2fe94e3f840803362c84fecf1851cb4cf3dc37f", size = 53402, upload-time = "2025-10-14T04:42:31.76Z" },
]

[[package]]
name = "googlenewsdecoder"
version = "0.1.7"
source = { registry = "https://pypi.org/simple" }
dependencies = [
    { name = "pysocks" },
    { name = "requests" },
    { name = "selectolax" },
]
sdist = { url = "https://files.pythonhosted.org/packages/9f/99/d01ae4a3aa30e4d75e7ab6832cb44d79b298a2083b7776f3c8b8830b0aba/googlenewsdecoder-0.1.7.tar.gz", hash = "sha256:0fcd8fa2aa6a145f84798921aeef0ec45d40bcf5ceebb467742f0efd068d3902", size = 12591, upload-time = "2025-01-18T20:05:11.741Z" }
wheels = [
    { url = "https://files.pythonhosted.org/packages/c5/82/0ff6da895449c6703d24129c4319c5cc2545b0c2c39893f95156b1d841ae/googlenewsdecoder-0.1.7-py3-none-any.whl", hash = "sha256:a8be897bb41864a82d81da6e05777d8c795989cf65f14b41e8e772b3f5a8354d", size = 16520, upload-time = "2025-01-18T20:05:09.778Z" },
]

[[package]]
name = "idna"
version = "3.11"
source = { registry = "https://pypi.org/simple" }
sdist = { url = "https://files.pythonhosted.org/packages/6f/6d/0703ccc57f3a7233505399edb88de3cbd678da106337b9fcde432b65ed60/idna-3.11.tar.gz", hash = "sha256:795dafcc9c04ed0c1fb032c2aa73654d8e8c5023a7df64a53f39190ada629902", size = 194582, upload-time = "2025-10-12T14:55:20.501Z" }
wheels = [
    { url = "https://files.pythonhosted.org/packages/0e/61/66938bbb5fc52dbdf84594873d5b51fb1f7c7794e9c0f5bd885f30bc507b/idna-3.11-py3-none-any.whl", hash = "sha256:771a87f49d9defaf64091e6e6fe9c18d4833f140bd19464795bc32d966ca37ea", size = 71008, upload-time = "2025-10-12T14:55:18.883Z" },
]

[[package]]
name = "pysocks"
version = "1.7.1"
source = { registry = "https://pypi.org/simple" }
sdist = { url = "https://files.pythonhosted.org/packages/bd/11/293dd436aea955d45fc4e8a35b6ae7270f5b8e00b53cf6c024c83b657a11/PySocks-1.7.1.tar.gz", hash = "sha256:3f8804571ebe159c380ac6de37643bb4685970655d3bba243530d6558b799aa0", size = 284429, upload-time = "2019-09-20T02:07:35.714Z" }
wheels = [
    { url = "https://files.pythonhosted.org/packages/8d/59/b4572118e098ac8e46e399a1dd0f2d85403ce8bbaad9ec79373ed6badaf9/PySocks-1.7.1-py3-none-any.whl", hash = "sha256:2725bd0a9925919b9b51739eea5f9e2bae91e83288108a9ad338b2e3a4435ee5", size = 16725, upload-time = "2019-09-20T02:06:22.938Z" },
]

[[package]]
name = "repl-nix-workspace"
version = "0.1.0"
source = { virtual = "." }
dependencies = [
    { name = "googlenewsdecoder" },
]

[package.metadata]
requires-dist = [{ name = "googlenewsdecoder", specifier = ">=0.1.7" }]

[[package]]
name = "requests"
version = "2.32.5"
source = { registry = "https://pypi.org/simple" }
dependencies = [
    { name = "certifi" },
    { name = "charset-normalizer" },
    { name = "idna" },
    { name = "urllib3" },
]
sdist = { url = "https://files.pythonhosted.org/packages/c9/74/b3ff8e6c8446842c3f5c837e9c3dfcfe2018ea6ecef224c710c85ef728f4/requests-2.32.5.tar.gz", hash = "sha256:dbba0bac56e100853db0ea71b82b4dfd5fe2bf6d3754a8893c3af500cec7d7cf", size = 134517, upload-time = "2025-08-18T20:46:02.573Z" }
wheels = [
    { url = "https://files.pythonhosted.org/packages/1e/db/4254e3eabe8020b458f1a747140d32277ec7a271daf1d235b70dc0b4e6e3/requests-2.32.5-py3-none-any.whl", hash = "sha256:2462f94637a34fd532264295e186976db0f5d453d1cdd31473c85a6a161affb6", size = 64738, upload-time = "2025-08-18T20:46:00.542Z" },
]

[[package]]
name = "selectolax"
version = "0.4.6"
source = { registry = "https://pypi.org/simple" }
sdist = { url = "https://files.pythonhosted.org/packages/fb/c5/959b8661d200d9fd3cf52061ce6f1d7087ec94823bb324fe1ca76c80b250/selectolax-0.4.6.tar.gz", hash = "sha256:bd9326cfc9bbd5bfcda980b0452b9761b3cf134015154e95d83fa32cbfbb751b", size = 4793248, upload-time = "2025-12-06T12:35:48.513Z" }
wheels = [
    { url = "https://files.pythonhosted.org/packages/a0/76/9b5358d82353b68c5828cc8ceae4ff1073495462979d2035c1089f4421dd/selectolax-0.4.6-cp311-cp311-macosx_10_9_x86_64.whl", hash = "sha256:751f727c9963584fcfa101b2696e0dd31236142901bbe7866a8e39f2ec346cc4", size = 2052057, upload-time = "2025-12-06T12:34:24.448Z" },
    { url = "https://files.pythonhosted.org/packages/e3/d1/9f8c8841f414a1b72174acef916d4ed38cc0fa041d3e933013e2b3213f30/selectolax-0.4.6-cp311-cp311-macosx_11_0_arm64.whl", hash = "sha256:d6f45737b638836b9fe2a4e7ccfbcd48a315ebb96da76a79a04b8227c1a967ee", size = 2050379, upload-time = "2025-12-06T12:34:26.383Z" },
    { url = "https://files.pythonhosted.org/packages/bc/c4/8e5ab9275a185a31d06b5ea58e3ba61d57e57700964cbd56fe074dbe458c/selectolax-0.4.6-cp311-cp311-manylinux2014_aarch64.manylinux_2_17_aarch64.manylinux_2_28_aarch64.whl", hash = "sha256:15a22c5cd9c23f09227b2b9c227d986396125a9b0eb21be655f22fe4ccc5679a", size = 2238005, upload-time = "2025-12-06T12:34:28.2Z" },
    { url = "https://files.pythonhosted.org/packages/ea/af/f4299d931a8e11ba1998cac70d407c5338436978325232eb252ac7f5aba2/selectolax-0.4.6-cp311-cp311-manylinux2014_x86_64.manylinux_2_17_x86_64.manylinux_2_28_x86_64.whl", hash = "sha256:e64f771807f1a7353f4d6878c303bfbd6c6fe58897e301aa6d0de7e5e60cef61", size = 2272927, upload-time = "2025-12-06T12:34:29.955Z" },
    { url = "https://files.pythonhosted.org/packages/7b/5e/9afbb0e8495846bf97fa7725a6f97622ad85efc654cb3cbf4c881bd345de/selectolax-0.4.6-cp311-cp311-musllinux_1_2_aarch64.whl", hash = "sha256:a0144a37fbf01695ccf2d0d24caaa058a28449cecb2c754bb9e616f339468d74", size = 2250901, upload-time = "2025-12-06T12:34:31.442Z" },
    { url = "https://files.pythonhosted.org/packages/d5/6b/914cc9c977fd21949af5776d25b9c011b6e72fb38569161ab6ca83d6130a/selectolax-0.4.6-cp311-cp311-musllinux_1_2_x86_64.whl", hash = "sha256:3c9bdd4a9b3f71f28a0ee558a105451debd33cbe1ed350ebba7ad6b68d62815c", size = 2279842, upload-time = "2025-12-06T12:34:32.739Z" },
    { url = "https://files.pythonhosted.org/packages/e1/30/b32d79d31c893cf5ccea5a5be4565db1eda9bbf458ddfe402559267f2d31/selectolax-0.4.6-cp311-cp311-win32.whl", hash = "sha256:b91c34b854fdd5d21c8353f130899f8413b7104a96078acbca59c8b2d57e9352", size = 1730462, upload-time = "2025-12-06T12:34:34.435Z" },
    { url = "https://files.pythonhosted.org/packages/8f/f1/c7ba048d4fcc4c8d5857233c59d07f18e60b21400a8ad8e8d7da670024c2/selectolax-0.4.6-cp311-cp311-win_amd64.whl", hash = "sha256:901064121e706bc86ed13f6e0dbe478398ad05ab112f5efbc8d722320a087b93", size = 1831442, upload-time = "2025-12-06T12:34:35.846Z" },
    { url = "https://files.pythonhosted.org/packages/d5/55/b33853f66b1f875bbbbfc2294ce7a4065774621ab6ebf20e8abf19965846/selectolax-0.4.6-cp311-cp311-win_arm64.whl", hash = "sha256:609c6c19f5b7cb669a6321a1d4133d2e2b443f23f7d454de76904118a91236a6", size = 1781850, upload-time = "2025-12-06T12:34:37.175Z" },
    { url = "https://files.pythonhosted.org/packages/ee/81/1fdf6633df840afd9d7054a3441f04cfb1fc9d098c6c9f3bd46a64fb632e/selectolax-0.4.6-cp312-cp312-macosx_10_13_x86_64.whl", hash = "sha256:20615062d6062b197b61fd646e667591e987be3a894e8a8408d2a482ccddc747", size = 2051021, upload-time = "2025-12-06T12:34:38.495Z" },
    { url = "https://files.pythonhosted.org/packages/cc/54/d59738d090cb4df3a3a6297b7ec216b86d3ba7f320013c4bc8d4841c9f5d/selectolax-0.4.6-cp312-cp312-macosx_11_0_arm64.whl", hash = "sha256:c436006e2af6ade80b96411cf46652c11ced4f230032e25e1f5210b7522a4fe3", size = 2047409, upload-time = "2025-12-06T12:34:39.875Z" },
    { url = "https://files.pythonhosted.org/packages/fc/67/3b163ec18a128df3a3b59ce676a2dacfb26e714da81ba8a98e184b4ef187/selectolax-0.4.6-cp312-cp312-manylinux2014_aarch64.manylinux_2_17_aarch64.manylinux_2_28_aarch64.whl", hash = "sha256:705a70b6f4e553e8c5299881269d3735a7df8a23711927a33caa16b4eaef580f", size = 2237052, upload-time = "2025-12-06T12:34:41.24Z" },
    { url = "https://files.pythonhosted.org/packages/f0/04/c3ae4a77e8cfa647b9177e727a7e80f64b160b65ad0db0dcb3738a4ef4a0/selectolax-0.4.6-cp312-cp312-manylinux2014_x86_64.manylinux_2_17_x86_64.manylinux_2_28_x86_64.whl", hash = "sha256:c04fd180689ed9450ad2453a3cba74cff2475a4281f76db9e18a658b7823e594", size = 2275615, upload-time = "2025-12-06T12:34:43.114Z" },
    { url = "https://files.pythonhosted.org/packages/12/de/aaa016c44e63a1efd5525f6da6eac807388a06c70671091c735d93f13b74/selectolax-0.4.6-cp312-cp312-musllinux_1_2_aarch64.whl", hash = "sha256:cb33eb0809e70ba4a475105d164c3f90a4bb711744ca69e20037298256b8e9d7", size = 2249186, upload-time = "2025-12-06T12:34:44.84Z" },
    { url = "https://files.pythonhosted.org/packages/76/9a/a9cf9f0158b0804c7ea404d790af031830eb6452a4948853f7582eea6c51/selectolax-0.4.6-cp312-cp312-musllinux_1_2_x86_64.whl", hash = "sha256:97f30b7c731f9f3328e9c6aef7ca3c17fbcbc4495e286a2cdad9a77bcadfadf1", size = 2282041, upload-time = "2025-12-06T12:34:46.19Z" },
    { url = "https://files.pythonhosted.org/packages/4c/ea/85de7ab8a9fc0301d1b428e69dc0bced9c1cd7379872d576a2b88eb91933/selectolax-0.4.6-cp312-cp312-win32.whl", hash = "sha256:f4375b352b609508e4a6980431dc6cc1812b97658ad1aa8caa61e01565de0d7d", size = 1727544, upload-time = "2025-12-06T12:34:47.541Z" },
    { url = "https://files.pythonhosted.org/packages/50/70/4aac2df64920112672cda846941d85c90b8152b2eddc9cf2615181551957/selectolax-0.4.6-cp312-cp312-win_amd64.whl", hash = "sha256:1d02637a6746bf1ba7de1dfc00a0344ffb30bedd1b5d4e61727c960225bf6ce0", size = 1827825, upload-time = "2025-12-06T12:34:49.283Z" },
    { url = "https://files.pythonhosted.org/packages/8d/b0/09648383afed1a10df97ce30527d30714edc4072086915b4bb1a0d81a728/selectolax-0.4.6-cp312-cp312-win_arm64.whl", hash = "sha256:bb0b371c3e2a94e6658ba4b5af88fc35aaf44f57f5a066ecaf96b4875a47aec4", size = 1775233, upload-time = "2025-12-06T12:34:51.576Z" },
    { url = "https://files.pythonhosted.org/packages/4d/87/7ed053cce7de8b29746c602851c67654287e25ec404d575911c6f40b671f/selectolax-0.4.6-cp313-cp313-macosx_10_13_x86_64.whl", hash = "sha256:8303af0eeef6ab2f06f2b18e3c825df4f6984405a862c8e9e654621c26558aca", size = 2050412, upload-time = "2025-12-06T12:34:53.086Z" },
    { url = "https://files.pythonhosted.org/packages/44/74/e8cd9b9b53da0e849b27a2ef68580915321ee52a662f015275a1cf6cca85/selectolax-0.4.6-cp313-cp313-macosx_11_0_arm64.whl", hash = "sha256:d8b1fb5507d90e719de705d93eaa3bdd5f2d69facf012fb67b7da8a9cd20ea6b", size = 2046513, upload-time = "2025-12-06T12:34:54.583Z" },
    { url = "https://files.pythonhosted.org/packages/a0/ca/c1cc7f03b681d272dbb0dc47cf9d0df857ae156d7ea54d88cc25ec23c8e9/selectolax-0.4.6-cp313-cp313-manylinux2014_aarch64.manylinux_2_17_aarch64.manylinux_2_28_aarch64.whl", hash = "sha256:30ac51bd5bfcd6bffe58720b1fc5f97666681f0793d79d292069b3a3f8599ef0", size = 2234404, upload-time = "2025-12-06T12:34:55.971Z" },
    { url = "https://files.pythonhosted.org/packages/df/00/a6e5c4d65243147fbd8837951267f098d9bee66ada4dc0c99d97259e052c/selectolax-0.4.6-cp313-cp313-manylinux2014_x86_64.manylinux_2_17_x86_64.manylinux_2_28_x86_64.whl", hash = "sha256:cfee4d1269fd462256641abdf6c2ee4dd799ba82c578acab0bcde07547637826", size = 2272678, upload-time = "2025-12-06T12:34:57.3Z" },
    { url = "https://files.pythonhosted.org/packages/ab/a2/05351e0f0da62d1bc01b7820a990f1e4dec688206e0278ee8faeeb878940/selectolax-0.4.6-cp313-cp313-musllinux_1_2_aarch64.whl", hash = "sha256:fce09eeb5dd19fba672a829f63e3c40238af4a929ce1e5fd16dcbc4fd253e300", size = 2247471, upload-time = "2025-12-06T12:34:59.048Z" },
    { url = "https://files.pythonhosted.org/packages/ea/95/1ab9e3ad2d53dbcd7141af149c7259c693dc2dc46e27d72b7a68f17f3364/selectolax-0.4.6-cp313-cp313-musllinux_1_2_x86_64.whl", hash = "sha256:b4e97ca71d545cab9c57ba3b18358cbc96ef0dcd01920ea903a531386ca1f849", size = 2278271, upload-time = "2025-12-06T12:35:00.487Z" },
    { url = "https://files.pythonhosted.org/packages/04/41/ca80ca68fb9990cb46d753363d8dc0771225bc9bb9a77247a1987e52d2d5/selectolax-0.4.6-cp313-cp313-win32.whl", hash = "sha256:98fce08839cb8fd5d8788cbed2724cd892c78182cd923e246ef586d552a29a94", size = 1727514, upload-time = "2025-12-06T12:35:02.081Z" },
    { url = "https://files.pythonhosted.org/packages/f0/47/f048994ab32773fda8eda57a874afb30d0b2bf30952c009006e81737e07e/selectolax-0.4.6-cp313-cp313-win_amd64.whl", hash = "sha256:cdc8e7833d2456331e519fe901d1c8844d120a26b21b6429f47ae946e65b0c04", size = 1829070, upload-time = "2025-12-06T12:35:03.857Z" },
    { url = "https://files.pythonhosted.org/packages/50/94/ab0d86b1a719c090e2bde9f7d9037439900e86fb50c258b5fd9f6530521b/selectolax-0.4.6-cp313-cp313-win_arm64.whl", hash = "sha256:d6f8c976ad067a6607b2a052b141149ae23584819b73288c32f08a1ece23d60a", size = 1774935, upload-time = "2025-12-06T12:35:05.323Z" },
    { url = "https://files.pythonhosted.org/packages/d2/38/93b4907c596487e13f8261129b1663559c96fc37ea2c973c98a393307484/selectolax-0.4.6-cp314-cp314-macosx_10_13_x86_64.whl", hash = "sha256:961c037ac41a12bf9db35a95d6076461f9b127d361c9ef26a77f76c45b1056eb", size = 2069131, upload-time = "2025-12-06T12:35:06.737Z" },
    { url = "https://files.pythonhosted.org/packages/f6/04/d29769a8313ccb9db6278401840e79662f341b716d268f7468b6270d15e1/selectolax-0.4.6-cp314-cp314-macosx_11_0_arm64.whl", hash = "sha256:f2be076a69a12657a38933b99d31c604d95d63911e0799f89305da8e89918874", size = 2066134, upload-time = "2025-12-06T12:35:08.163Z" },
    { url = "https://files.pythonhosted.org/packages/29/a2/1c26b4cc6a708d234e39199bd75acdc1cfdcf4f3138e16d25e3e7aa0295d/selectolax-0.4.6-cp314-cp314-manylinux2014_aarch64.manylinux_2_17_aarch64.manylinux_2_28_aarch64.whl", hash = "sha256:25ae5dd7c20035312211de43952934981e8ff4e1502467ce78665f57bc5eaf7f", size = 2240810, upload-time = "2025-12-06T12:35:09.556Z" },
    { url = "https://files.pythonhosted.org/packages/1f/de/b021342d306bd08c92d0d9e9072a3ed6a3038f78387187d37fb775196fa0/selectolax-0.4.6-cp314-cp314-manylinux2014_x86_64.manylinux_2_17_x86_64.manylinux_2_28_x86_64.whl", hash = "sha256:cfe1274930affe2b986fd20cbf2916ddf4a760edf30a7eeb9151b31e8cbe6027", size = 2274401, upload-time = "2025-12-06T12:35:11.023Z" },
    { url = "https://files.pythonhosted.org/packages/29/77/b2816be2f4878f4e86fabca5932610401dc88d956948d97a82947e27d8bc/selectolax-0.4.6-cp314-cp314-musllinux_1_2_aarch64.whl", hash = "sha256:e52174a75236c1321f0f0353b5d97ba575c61428f16c2d78159cb154fa407e97", size = 2271054, upload-time = "2025-12-06T12:35:12.878Z" },
    { url = "https://files.pythonhosted.org/packages/1f/3a/ae48b9febf2af21a0fdd4fba07861ae3e13bd7235df3fa39918d33004058/selectolax-0.4.6-cp314-cp314-musllinux_1_2_x86_64.whl", hash = "sha256:5032187ed8f8d77da6dee5467a87fe9b1553c10c63671fe830e87a2d347ef8ae", size = 2297773, upload-time = "2025-12-06T12:35:14.383Z" },
    { url = "https://files.pythonhosted.org/packages/f9/8c/4e120b2b6dc55543bf2ffc43e78589022e59c02fa93dea0b4d22dfe3fc27/selectolax-0.4.6-cp314-cp314-win32.whl", hash = "sha256:8a4f50eb37abffe118730c062827a204a732cc1b9cd28b5dbf40752c371e9339", size = 1838289, upload-time = "2025-12-06T12:35:16.278Z" },
    { url = "https://files.pythonhosted.org/packages/c4/2f/51f15b06f4fcf9d5845d6bba534f7f2ed531f148c77ed8fff105cd770aa5/selectolax-0.4.6-cp314-cp314-win_amd64.whl", hash = "sha256:11527cd430cb6d1d1a422209d87aec5767befff424f2affaa3daa2789878cf9f", size = 1938201, upload-time = "2025-12-06T12:35:17.694Z" },
    { url = "https://files.pythonhosted.org/packages/f3/8d/c099dcbb385e7d2145c4f19da183639bf4e429e1524dcba31ea311c5d276/selectolax-0.4.6-cp314-cp314-win_arm64.whl", hash = "sha256:254d7f59580631dac1fcb861bb01f45039e3ac53187f07d8ccc3519110bacad0", size = 1886188, upload-time = "2025-12-06T12:35:19.538Z" },
    { url = "https://files.pythonhosted.org/packages/54/ce/f3fa904517745ecd289b6ce18845ae968cf7d0b17e65ab781259f2746254/selectolax-0.4.6-cp314-cp314t-macosx_10_13_x86_64.whl", hash = "sha256:48a9bce389c281fec8bf3b5a36bd376f1ad1f36ff072dcedaa977188b3882be1", size = 2088107, upload-time = "2025-12-06T12:35:21.061Z" },
    { url = "https://files.pythonhosted.org/packages/4f/18/359da9723d3ec1235819cea0958bc417ce6a12699977920854b300ad4529/selectolax-0.4.6-cp314-cp314t-macosx_11_0_arm64.whl", hash = "sha256:ff1632c1767f6005adc2dff7b72ea9d0b6493702e86e04ee5cf934ab630172aa", size = 2090836, upload-time = "2025-12-06T12:35:22.421Z" },
    { url = "https://files.pythonhosted.org/packages/e2/20/199f2a05ca8dfd9bc146af03fbfaa1e2050601d3141267070a2a023ea68f/selectolax-0.4.6-cp314-cp314t-manylinux2014_aarch64.manylinux_2_17_aarch64.manylinux_2_28_aarch64.whl", hash = "sha256:64a56dd91c22e809305e127bbd4cd75ad1016dd329a4e945a176c6f3376d00e2", size = 2248608, upload-time = "2025-12-06T12:35:23.946Z" },
    { url = "https://files.pythonhosted.org/packages/f9/67/261c06cdae29fad287008d39f51a80431f3fce66c2865b880e61d04cdfd2/selectolax-0.4.6-cp314-cp314t-manylinux2014_x86_64.manylinux_2_17_x86_64.manylinux_2_28_x86_64.whl", hash = "sha256:223471d2c9095406d69faf461aa217782575d62362d36809e350f6d3c2f69f4e", size = 2275653, upload-time = "2025-12-06T12:35:25.423Z" },
    { url = "https://files.pythonhosted.org/packages/10/80/f2519487a86b5366acadd9e07c212b38fb657bb62b9e01de9fb24c3ada27/selectolax-0.4.6-cp314-cp314t-musllinux_1_2_aarch64.whl", hash = "sha256:8c1043e61df29f4f8ef49f9f623b3d710f0c545d9a7939eee52c49987b06aef7", size = 2283495, upload-time = "2025-12-06T12:35:26.843Z" },
    { url = "https://files.pythonhosted.org/packages/66/cc/35a0fd896371e0b5a84365b03f88c7dbe8984862e34ce32baed81ee6f486/selectolax-0.4.6-cp314-cp314t-musllinux_1_2_x86_64.whl", hash = "sha256:b323ad4ebcf2edad2488022402fbc73ee158ffe81607ec1ce5eb1039eab94086", size = 2300207, upload-time = "2025-12-06T12:35:28.23Z" },
    { url = "https://files.pythonhosted.org/packages/51/b2/dc83cce2f38a3c72d6bf9268ef6c1708ab1b4d546074384e7e0d097bf4f6/selectolax-0.4.6-cp314-cp314t-win32.whl", hash = "sha256:f5017f6e2408160604c87fb21490d9af802d09dbc1b91ac89acd9922b7b04d31", size = 1890595, upload-time = "2025-12-06T12:35:29.625Z" },
    { url = "https://files.pythonhosted.org/packages/87/f9/8da49637643b1dffbcadc8972f1fee519c126978acaf5df59405e48424f4/selectolax-0.4.6-cp314-cp314t-win_amd64.whl", hash = "sha256:56adb0f014ab55627f20f53888a7bf1ec53aac8189fe344aec3d5077a7ad9889", size = 2005252, upload-time = "2025-12-06T12:35:31.116Z" },
    { url = "https://files.pythonhosted.org/packages/94/7f/f783e2254db082df4f6bc00fe3b32b9dd27c3b7302a44c8c37728bb67fb7/selectolax-0.4.6-cp314-cp314t-win_arm64.whl", hash = "sha256:66558cfb1c7402fed0f47b9a2692eed53e3e2f345526314b493b5093cb951e21", size = 1906079, upload-time = "2025-12-06T12:35:32.951Z" },
]

[[package]]
name = "urllib3"
version = "2.6.3"
source = { registry = "https://pypi.org/simple" }
sdist = { url = "https://files.pythonhosted.org/packages/c7/24/5f1b3bdffd70275f6661c76461e25f024d5a38a46f04aaca912426a2b1d3/urllib3-2.6.3.tar.gz", hash = "sha256:1b62b6884944a57dbe321509ab94fd4d3b307075e0c2eae991ac71ee15ad38ed", size = 435556, upload-time = "2026-01-07T16:24:43.925Z" }
wheels = [
    { url = "https://files.pythonhosted.org/packages/39/08/aaaad47bc4e9dc8c725e68f9d04865dbcb2052843ff09c97b08904852d84/urllib3-2.6.3-py3-none-any.whl", hash = "sha256:bf272323e553dfb2e87d9bfd225ca7b0f467b919d7bbd355436d3fd37cb0acd4", size = 131584, upload-time = "2026-01-07T16:24:42.685Z" },
]
